
Microsoft Visual Studio Solution File, Format Version 12.00
# Visual Studio Version 17
VisualStudioVersion = 17.5.33414.496
MinimumVisualStudioVersion = 10.0.40219.1
Project("{F184B08F-C81C-45F6-A57F-5ABD9991F28F}") = "arreglos", "arreglos\arreglos.vbproj", "{E137377B-E005-4545-B5BF-3F9B962BA6FC}"
EndProject
Global
	GlobalSection(SolutionConfigurationPlatforms) = preSolution
		Debug|Any CPU = Debug|Any CPU
		Release|Any CPU = Release|Any CPU
	EndGlobalSection
	GlobalSection(ProjectConfigurationPlatforms) = postSolution
		{E137377B-E005-4545-B5BF-3F9B962BA6FC}.Debug|Any CPU.ActiveCfg = Debug|Any CPU
		{E137377B-E005-4545-B5BF-3F9B962BA6FC}.Debug|Any CPU.Build.0 = Debug|Any CPU
		{E137377B-E005-4545-B5BF-3F9B962BA6FC}.Release|Any CPU.ActiveCfg = Release|Any CPU
		{E137377B-E005-4545-B5BF-3F9B962BA6FC}.Release|Any CPU.Build.0 = Release|Any CPU
	EndGlobalSection
	GlobalSection(SolutionProperties) = preSolution
		HideSolutionNode = FALSE
	EndGlobalSection
	GlobalSection(ExtensibilityGlobals) = postSolution
		SolutionGuid = {0C5D697A-BD23-43DC-9276-43611E647EC0}
	EndGlobalSection
EndGlobal
